
Microsoft Visual Studio Solution File, Format Version 12.00
# Visual Studio Version 16
VisualStudioVersion = 16.0.29306.81
MinimumVisualStudioVersion = 10.0.40219.1
Project("{8BC9CEB8-8B4A-11D0-8D11-00A0C91BC942}") = "HW02_3DPrimitives", "HW02_3DPrimitives\HW02_3DPrimitives.vcxproj", "{7EDBEED8-75ED-48EE-9F13-5D4A895E8F1B}"
EndProject
Global
	GlobalSection(SolutionConfigurationPlatforms) = preSolution
		Debug|x64 = Debug|x64
		Debug|x86 = Debug|x86
		Release|x64 = Release|x64
		Release|x86 = Release|x86
	EndGlobalSection
	GlobalSection(ProjectConfigurationPlatforms) = postSolution
		{7EDBEED8-75ED-48EE-9F13-5D4A895E8F1B}.Debug|x64.ActiveCfg = Debug|Win32
		{7EDBEED8-75ED-48EE-9F13-5D4A895E8F1B}.Debug|x86.ActiveCfg = Debug|Win32
		{7EDBEED8-75ED-48EE-9F13-5D4A895E8F1B}.Debug|x86.Build.0 = Debug|Win32
		{7EDBEED8-75ED-48EE-9F13-5D4A895E8F1B}.Release|x64.ActiveCfg = Release|Win32
		{7EDBEED8-75ED-48EE-9F13-5D4A895E8F1B}.Release|x86.ActiveCfg = Release|Win32
		{7EDBEED8-75ED-48EE-9F13-5D4A895E8F1B}.Release|x86.Build.0 = Release|Win32
	EndGlobalSection
	GlobalSection(SolutionProperties) = preSolution
		HideSolutionNode = FALSE
	EndGlobalSection
	GlobalSection(ExtensibilityGlobals) = postSolution
		SolutionGuid = {9B029970-C9C1-4E00-92A0-9681DB94A594}
	EndGlobalSection
EndGlobal
